{
  "version": 4,
  "terraform_version": "1.14.1",
  "serial": 3,
  "lineage": "bc7ffd62-2256-4666-9071-7ba1aec77d80",
  "outputs": {},
  "resources": [
    {
      "mode": "managed",
      "type": "hcloud_firewall",
      "name": "wireguard_fw",
      "provider": "provider[\"registry.terraform.io/hetznercloud/hcloud\"]",
      "instances": [
        {
          "schema_version": 0,
          "attributes": {
            "apply_to": [],
            "id": "10262625",
            "labels": {},
            "name": "wireguard-firewall",
            "rule": [
              {
                "description": "Allow ping",
                "destination_ips": [],
                "direction": "in",
                "port": "",
                "protocol": "icmp",
                "source_ips": [
                  "0.0.0.0/0",
                  "::/0"
                ]
              },
              {
                "description": "SSH from my home IP",
                "destination_ips": [],
                "direction": "in",
                "port": "22",
                "protocol": "tcp",
                "source_ips": [
                  "213.209.99.219/32"
                ]
              },
              {
                "description": "WireGuard VPN",
                "destination_ips": [],
                "direction": "in",
                "port": "51820",
                "protocol": "udp",
                "source_ips": [
                  "0.0.0.0/0",
                  "::/0"
                ]
              }
            ]
          },
          "sensitive_attributes": [],
          "identity_schema_version": 0,
          "private": "bnVsbA=="
        }
      ]
    },
    {
      "mode": "managed",
      "type": "hcloud_firewall_attachment",
      "name": "wireguard_fw_attachment",
      "provider": "provider[\"registry.terraform.io/hetznercloud/hcloud\"]",
      "instances": [
        {
          "schema_version": 0,
          "attributes": {
            "firewall_id": 10262625,
            "id": "10262625",
            "label_selectors": null,
            "server_ids": [
              114173575
            ]
          },
          "sensitive_attributes": [],
          "identity_schema_version": 0,
          "private": "bnVsbA==",
          "dependencies": [
            "hcloud_firewall.wireguard_fw"
          ]
        }
      ]
    }
  ],
  "check_results": null
}
